
Microsoft Visual Studio Solution File, Format Version 12.00
# Visual Studio Version 17
VisualStudioVersion = 17.6.33829.357
MinimumVisualStudioVersion = 10.0.40219.1
Project("{8BC9CEB8-8B4A-11D0-8D11-00A0C91BC942}") = "Chapter2.1first", "Chapter2.1first.vcxproj", "{FA0B367C-3A31-49A8-B4F7-B0F654DC3482}"
EndProject
Global
	GlobalSection(SolutionConfigurationPlatforms) = preSolution
		Debug|x64 = Debug|x64
		Debug|x86 = Debug|x86
		Release|x64 = Release|x64
		Release|x86 = Release|x86
	EndGlobalSection
	GlobalSection(ProjectConfigurationPlatforms) = postSolution
		{FA0B367C-3A31-49A8-B4F7-B0F654DC3482}.Debug|x64.ActiveCfg = Debug|x64
		{FA0B367C-3A31-49A8-B4F7-B0F654DC3482}.Debug|x64.Build.0 = Debug|x64
		{FA0B367C-3A31-49A8-B4F7-B0F654DC3482}.Debug|x86.ActiveCfg = Debug|Win32
		{FA0B367C-3A31-49A8-B4F7-B0F654DC3482}.Debug|x86.Build.0 = Debug|Win32
		{FA0B367C-3A31-49A8-B4F7-B0F654DC3482}.Release|x64.ActiveCfg = Release|x64
		{FA0B367C-3A31-49A8-B4F7-B0F654DC3482}.Release|x64.Build.0 = Release|x64
		{FA0B367C-3A31-49A8-B4F7-B0F654DC3482}.Release|x86.ActiveCfg = Release|Win32
		{FA0B367C-3A31-49A8-B4F7-B0F654DC3482}.Release|x86.Build.0 = Release|Win32
	EndGlobalSection
	GlobalSection(SolutionProperties) = preSolution
		HideSolutionNode = FALSE
	EndGlobalSection
	GlobalSection(ExtensibilityGlobals) = postSolution
		SolutionGuid = {1A243BD9-E013-4D83-8C5E-C7D5CE6AD89C}
	EndGlobalSection
EndGlobal
